Microsoft Visual Studio Solution File, Format Version 11.00
# Visual Studio 2010
Project("{8BC9CEB8-8B4A-11D0-8D11-00A0C91BC942}") = "stats", "stats\stats.vcxproj", "{1C6CF8BB-3AE5-43D9-ACC0-14770DF252B0}"
EndProject
Project("{8BC9CEB8-8B4A-11D0-8D11-00A0C91BC942}") = "dynamic", "dynamic\dynamic.vcxproj", "{4D556EB8-737E-4A42-A9A8-1CE855F8E0BA}"
EndProject
Global
	GlobalSection(SolutionConfigurationPlatforms) = preSolution
		Debug|Win32 = Debug|Win32
		Release|Win32 = Release|Win32
	EndGlobalSection
	GlobalSection(ProjectConfigurationPlatforms) = postSolution
		{1C6CF8BB-3AE5-43D9-ACC0-14770DF252B0}.Debug|Win32.ActiveCfg = Debug|Win32
		{1C6CF8BB-3AE5-43D9-ACC0-14770DF252B0}.Release|Win32.ActiveCfg = Release|Win32
		{1C6CF8BB-3AE5-43D9-ACC0-14770DF252B0}.Release|Win32.Build.0 = Release|Win32
		{4D556EB8-737E-4A42-A9A8-1CE855F8E0BA}.Debug|Win32.ActiveCfg = Debug|Win32
		{4D556EB8-737E-4A42-A9A8-1CE855F8E0BA}.Release|Win32.ActiveCfg = Release|Win32
		{4D556EB8-737E-4A42-A9A8-1CE855F8E0BA}.Release|Win32.Build.0 = Release|Win32
	EndGlobalSection
	GlobalSection(SolutionProperties) = preSolution
		HideSolutionNode = FALSE
	EndGlobalSection
EndGlobal
